
Microsoft Visual Studio Solution File, Format Version 12.00
# Visual Studio 15
Project("{FAE04EC0-301F-11D3-BF4B-00C04F79EFBC}") = "Unity.Timeline", "Unity.Timeline.csproj", "{8C44DB4A-55DB-B946-EFA6-D4E01F67D98D}"
EndProject
Project("{FAE04EC0-301F-11D3-BF4B-00C04F79EFBC}") = "Unity.Timeline.Editor", "Unity.Timeline.Editor.csproj", "{2E2F6FA8-5CE5-9662-11F2-9C7457D715CC}"
EndProject
Project("{FAE04EC0-301F-11D3-BF4B-00C04F79EFBC}") = "Unity.TextMeshPro.Editor", "Unity.TextMeshPro.Editor.csproj", "{CA4D7E5C-D941-B09C-2D2B-25164A9A1617}"
EndProject
Project("{FAE04EC0-301F-11D3-BF4B-00C04F79EFBC}") = "Unity.VisualScripting.Flow", "Unity.VisualScripting.Flow.csproj", "{4F94DB25-4ABC-2925-D453-546D3CEE5AEC}"
EndProject
Project("{FAE04EC0-301F-11D3-BF4B-00C04F79EFBC}") = "UnityEditor.UI", "UnityEditor.UI.csproj", "{9353A8AA-0FFD-DA40-F3C9-5BB90344B5DA}"
EndProject
Project("{FAE04EC0-301F-11D3-BF4B-00C04F79EFBC}") = "Unity.PlasticSCM.Editor", "Unity.PlasticSCM.Editor.csproj", "{6D0D214D-A6E3-05BC-76D8-9A383D9D5AA4}"
EndProject
Project("{FAE04EC0-301F-11D3-BF4B-00C04F79EFBC}") = "Unity.VisualScripting.Core", "Unity.VisualScripting.Core.csproj", "{DB1D8BB7-61FF-C09F-7F07-490C94D06DAC}"
EndProject
Project("{FAE04EC0-301F-11D3-BF4B-00C04F79EFBC}") = "Unity.VisualScripting.Core.Editor", "Unity.VisualScripting.Core.Editor.csproj", "{B62D314B-5B34-4657-9339-03C85E88E5D8}"
EndProject
Project("{FAE04EC0-301F-11D3-BF4B-00C04F79EFBC}") = "Unity.VisualScripting.Flow.Editor", "Unity.VisualScripting.Flow.Editor.csproj", "{0CA9FE8B-E820-036D-8205-26C7C4BE6F8B}"
EndProject
Project("{FAE04EC0-301F-11D3-BF4B-00C04F79EFBC}") = "UnityEditor.TestRunner", "UnityEditor.TestRunner.csproj", "{7C7AF201-0FAB-8963-3791-BDEFE3FCE44A}"
EndProject
Project("{FAE04EC0-301F-11D3-BF4B-00C04F79EFBC}") = "Unity.VisualScripting.SettingsProvider.Editor", "Unity.VisualScripting.SettingsProvider.Editor.csproj", "{48B83CDA-62DB-F549-98D5-8C78F1ECB0BD}"
EndProject
Project("{FAE04EC0-301F-11D3-BF4B-00C04F79EFBC}") = "UnityEngine.TestRunner", "UnityEngine.TestRunner.csproj", "{9AC9D950-2851-CD82-308B-66FE9440BAA5}"
EndProject
Project("{FAE04EC0-301F-11D3-BF4B-00C04F79EFBC}") = "UnityEngine.UI", "UnityEngine.UI.csproj", "{AB1AE388-C98A-E4E3-791A-F9A47A41CB42}"
EndProject
Project("{FAE04EC0-301F-11D3-BF4B-00C04F79EFBC}") = "Unity.VisualStudio.Editor", "Unity.VisualStudio.Editor.csproj", "{1C7E1FD4-A69A-A064-FC47-497B4BFABD0E}"
EndProject
Project("{FAE04EC0-301F-11D3-BF4B-00C04F79EFBC}") = "Unity.TestTools.CodeCoverage.Editor.OpenCover.Model", "Unity.TestTools.CodeCoverage.Editor.OpenCover.Model.csproj", "{90B1C200-899A-B921-F0D4-31AB0B7050AF}"
EndProject
Project("{FAE04EC0-301F-11D3-BF4B-00C04F79EFBC}") = "Unity.Rider.Editor", "Unity.Rider.Editor.csproj", "{1A0C6AF7-08B4-3747-3E27-09F2BAFDB7F7}"
EndProject
Project("{FAE04EC0-301F-11D3-BF4B-00C04F79EFBC}") = "Unity.VisualScripting.State.Editor", "Unity.VisualScripting.State.Editor.csproj", "{11946ED3-0226-A403-7A10-45379B1276A8}"
EndProject
Project("{FAE04EC0-301F-11D3-BF4B-00C04F79EFBC}") = "Unity.TestTools.CodeCoverage.Editor", "Unity.TestTools.CodeCoverage.Editor.csproj", "{32C45DCD-23E6-9659-4F09-53A7CE9DBB20}"
EndProject
Project("{FAE04EC0-301F-11D3-BF4B-00C04F79EFBC}") = "Unity.VisualScripting.State", "Unity.VisualScripting.State.csproj", "{D052B1D8-8946-EC6D-B01A-2913072D3FF5}"
EndProject
Project("{FAE04EC0-301F-11D3-BF4B-00C04F79EFBC}") = "Unity.TextMeshPro", "Unity.TextMeshPro.csproj", "{F6654DE7-11FA-9FDC-7CB3-510F3F40B724}"
EndProject
Project("{FAE04EC0-301F-11D3-BF4B-00C04F79EFBC}") = "Unity.Performance.Profile-Analyzer.Editor", "Unity.Performance.Profile-Analyzer.Editor.csproj", "{9C9E112B-13C9-7AA9-A085-B9D2DA50B67A}"
EndProject
Project("{FAE04EC0-301F-11D3-BF4B-00C04F79EFBC}") = "Assembly-CSharp", "Assembly-CSharp.csproj", "{79856FFE-9890-61BF-0808-DCDCD9C20192}"
EndProject
Project("{FAE04EC0-301F-11D3-BF4B-00C04F79EFBC}") = "Unity.VSCode.Editor", "Unity.VSCode.Editor.csproj", "{2271EB95-D5EE-862C-BF2B-297F041811EA}"
EndProject
Project("{FAE04EC0-301F-11D3-BF4B-00C04F79EFBC}") = "Unity.TestTools.CodeCoverage.Editor.OpenCover.Mono.Reflection", "Unity.TestTools.CodeCoverage.Editor.OpenCover.Mono.Reflection.csproj", "{5C4A4B2A-0683-2850-594F-8AB2D3DC367F}"
EndProject
Project("{FAE04EC0-301F-11D3-BF4B-00C04F79EFBC}") = "Unity.Settings.Editor", "Unity.Settings.Editor.csproj", "{6A3F475C-2B83-BCE4-1802-578BCBD41F23}"
EndProject
Project("{FAE04EC0-301F-11D3-BF4B-00C04F79EFBC}") = "Unity.EditorCoroutines.Editor", "Unity.EditorCoroutines.Editor.csproj", "{47AC8856-A19E-087C-4448-61CB5763C0C1}"
EndProject
Project("{FAE04EC0-301F-11D3-BF4B-00C04F79EFBC}") = "Unity.VisualScripting.Shared.Editor", "Unity.VisualScripting.Shared.Editor.csproj", "{81AD36E0-34C5-285D-9F81-6F9031675871}"
EndProject
Project("{FAE04EC0-301F-11D3-BF4B-00C04F79EFBC}") = "Unity.CollabProxy.Editor", "Unity.CollabProxy.Editor.csproj", "{991E0DC8-D826-0AAD-5005-7B3098C40D2B}"
EndProject
Project("{FAE04EC0-301F-11D3-BF4B-00C04F79EFBC}") = "Unity.Timeline", "Unity.Timeline.Player.csproj", "{BBDFC6C0-3323-D009-2C59-B685BE7F6501}"
EndProject
Project("{FAE04EC0-301F-11D3-BF4B-00C04F79EFBC}") = "Unity.VisualScripting.Flow", "Unity.VisualScripting.Flow.Player.csproj", "{7D97E193-D7E6-90BF-F3F9-A9407FAF1AEC}"
EndProject
Project("{FAE04EC0-301F-11D3-BF4B-00C04F79EFBC}") = "Unity.VisualScripting.Core", "Unity.VisualScripting.Core.Player.csproj", "{389F8883-18A0-04CA-3E04-236E1249B881}"
EndProject
Project("{FAE04EC0-301F-11D3-BF4B-00C04F79EFBC}") = "UnityEngine.TestRunner", "UnityEngine.TestRunner.Player.csproj", "{F4370610-3A12-027B-8CFE-8B8B4935F32A}"
EndProject
Project("{FAE04EC0-301F-11D3-BF4B-00C04F79EFBC}") = "UnityEngine.UI", "UnityEngine.UI.Player.csproj", "{323D9120-73B4-0B69-8099-F067DED52643}"
EndProject
Project("{FAE04EC0-301F-11D3-BF4B-00C04F79EFBC}") = "Unity.VisualScripting.State", "Unity.VisualScripting.State.Player.csproj", "{AF672F16-4855-F3D6-E2D3-31D4586F67AF}"
EndProject
Project("{FAE04EC0-301F-11D3-BF4B-00C04F79EFBC}") = "Unity.TextMeshPro", "Unity.TextMeshPro.Player.csproj", "{1C00A672-20CF-19B5-6547-1FA09DBCE84D}"
EndProject
Project("{FAE04EC0-301F-11D3-BF4B-00C04F79EFBC}") = "Assembly-CSharp", "Assembly-CSharp.Player.csproj", "{E6693FE4-60FA-2BF9-64EC-EF9163A2E122}"
EndProject
Global
	GlobalSection(SolutionConfigurationPlatforms) = preSolution
		Debug|Any CPU = Debug|Any CPU
		Release|Any CPU = Release|Any CPU
	EndGlobalSection
	GlobalSection(ProjectConfigurationPlatforms) = postSolution
		{8C44DB4A-55DB-B946-EFA6-D4E01F67D98D}.Debug|Any CPU.ActiveCfg = Debug|Any CPU
		{8C44DB4A-55DB-B946-EFA6-D4E01F67D98D}.Debug|Any CPU.Build.0 = Debug|Any CPU
		{8C44DB4A-55DB-B946-EFA6-D4E01F67D98D}.Release|Any CPU.ActiveCfg = Release|Any CPU
		{8C44DB4A-55DB-B946-EFA6-D4E01F67D98D}.Release|Any CPU.Build.0 = Release|Any CPU
		{2E2F6FA8-5CE5-9662-11F2-9C7457D715CC}.Debug|Any CPU.ActiveCfg = Debug|Any CPU
		{2E2F6FA8-5CE5-9662-11F2-9C7457D715CC}.Debug|Any CPU.Build.0 = Debug|Any CPU
		{2E2F6FA8-5CE5-9662-11F2-9C7457D715CC}.Release|Any CPU.ActiveCfg = Release|Any CPU
		{2E2F6FA8-5CE5-9662-11F2-9C7457D715CC}.Release|Any CPU.Build.0 = Release|Any CPU
		{CA4D7E5C-D941-B09C-2D2B-25164A9A1617}.Debug|Any CPU.ActiveCfg = Debug|Any CPU
		{CA4D7E5C-D941-B09C-2D2B-25164A9A1617}.Debug|Any CPU.Build.0 = Debug|Any CPU
		{CA4D7E5C-D941-B09C-2D2B-25164A9A1617}.Release|Any CPU.ActiveCfg = Release|Any CPU
		{CA4D7E5C-D941-B09C-2D2B-25164A9A1617}.Release|Any CPU.Build.0 = Release|Any CPU
		{4F94DB25-4ABC-2925-D453-546D3CEE5AEC}.Debug|Any CPU.ActiveCfg = Debug|Any CPU
		{4F94DB25-4ABC-2925-D453-546D3CEE5AEC}.Debug|Any CPU.Build.0 = Debug|Any CPU
		{4F94DB25-4ABC-2925-D453-546D3CEE5AEC}.Release|Any CPU.ActiveCfg = Release|Any CPU
		{4F94DB25-4ABC-2925-D453-546D3CEE5AEC}.Release|Any CPU.Build.0 = Release|Any CPU
		{9353A8AA-0FFD-DA40-F3C9-5BB90344B5DA}.Debug|Any CPU.ActiveCfg = Debug|Any CPU
		{9353A8AA-0FFD-DA40-F3C9-5BB90344B5DA}.Debug|Any CPU.Build.0 = Debug|Any CPU
		{9353A8AA-0FFD-DA40-F3C9-5BB90344B5DA}.Release|Any CPU.ActiveCfg = Release|Any CPU
		{9353A8AA-0FFD-DA40-F3C9-5BB90344B5DA}.Release|Any CPU.Build.0 = Release|Any CPU
		{6D0D214D-A6E3-05BC-76D8-9A383D9D5AA4}.Debug|Any CPU.ActiveCfg = Debug|Any CPU
		{6D0D214D-A6E3-05BC-76D8-9A383D9D5AA4}.Debug|Any CPU.Build.0 = Debug|Any CPU
		{6D0D214D-A6E3-05BC-76D8-9A383D9D5AA4}.Release|Any CPU.ActiveCfg = Release|Any CPU
		{6D0D214D-A6E3-05BC-76D8-9A383D9D5AA4}.Release|Any CPU.Build.0 = Release|Any CPU
		{DB1D8BB7-61FF-C09F-7F07-490C94D06DAC}.Debug|Any CPU.ActiveCfg = Debug|Any CPU
		{DB1D8BB7-61FF-C09F-7F07-490C94D06DAC}.Debug|Any CPU.Build.0 = Debug|Any CPU
		{DB1D8BB7-61FF-C09F-7F07-490C94D06DAC}.Release|Any CPU.ActiveCfg = Release|Any CPU
		{DB1D8BB7-61FF-C09F-7F07-490C94D06DAC}.Release|Any CPU.Build.0 = Release|Any CPU
		{B62D314B-5B34-4657-9339-03C85E88E5D8}.Debug|Any CPU.ActiveCfg = Debug|Any CPU
		{B62D314B-5B34-4657-9339-03C85E88E5D8}.Debug|Any CPU.Build.0 = Debug|Any CPU
		{B62D314B-5B34-4657-9339-03C85E88E5D8}.Release|Any CPU.ActiveCfg = Release|Any CPU
		{B62D314B-5B34-4657-9339-03C85E88E5D8}.Release|Any CPU.Build.0 = Release|Any CPU
		{0CA9FE8B-E820-036D-8205-26C7C4BE6F8B}.Debug|Any CPU.ActiveCfg = Debug|Any CPU
		{0CA9FE8B-E820-036D-8205-26C7C4BE6F8B}.Debug|Any CPU.Build.0 = Debug|Any CPU
		{0CA9FE8B-E820-036D-8205-26C7C4BE6F8B}.Release|Any CPU.ActiveCfg = Release|Any CPU
		{0CA9FE8B-E820-036D-8205-26C7C4BE6F8B}.Release|Any CPU.Build.0 = Release|Any CPU
		{7C7AF201-0FAB-8963-3791-BDEFE3FCE44A}.Debug|Any CPU.ActiveCfg = Debug|Any CPU
		{7C7AF201-0FAB-8963-3791-BDEFE3FCE44A}.Debug|Any CPU.Build.0 = Debug|Any CPU
		{7C7AF201-0FAB-8963-3791-BDEFE3FCE44A}.Release|Any CPU.ActiveCfg = Release|Any CPU
		{7C7AF201-0FAB-8963-3791-BDEFE3FCE44A}.Release|Any CPU.Build.0 = Release|Any CPU
		{48B83CDA-62DB-F549-98D5-8C78F1ECB0BD}.Debug|Any CPU.ActiveCfg = Debug|Any CPU
		{48B83CDA-62DB-F549-98D5-8C78F1ECB0BD}.Debug|Any CPU.Build.0 = Debug|Any CPU
		{48B83CDA-62DB-F549-98D5-8C78F1ECB0BD}.Release|Any CPU.ActiveCfg = Release|Any CPU
		{48B83CDA-62DB-F549-98D5-8C78F1ECB0BD}.Release|Any CPU.Build.0 = Release|Any CPU
		{9AC9D950-2851-CD82-308B-66FE9440BAA5}.Debug|Any CPU.ActiveCfg = Debug|Any CPU
		{9AC9D950-2851-CD82-308B-66FE9440BAA5}.Debug|Any CPU.Build.0 = Debug|Any CPU
		{9AC9D950-2851-CD82-308B-66FE9440BAA5}.Release|Any CPU.ActiveCfg = Release|Any CPU
		{9AC9D950-2851-CD82-308B-66FE9440BAA5}.Release|Any CPU.Build.0 = Release|Any CPU
		{AB1AE388-C98A-E4E3-791A-F9A47A41CB42}.Debug|Any CPU.ActiveCfg = Debug|Any CPU
		{AB1AE388-C98A-E4E3-791A-F9A47A41CB42}.Debug|Any CPU.Build.0 = Debug|Any CPU
		{AB1AE388-C98A-E4E3-791A-F9A47A41CB42}.Release|Any CPU.ActiveCfg = Release|Any CPU
		{AB1AE388-C98A-E4E3-791A-F9A47A41CB42}.Release|Any CPU.Build.0 = Release|Any CPU
		{1C7E1FD4-A69A-A064-FC47-497B4BFABD0E}.Debug|Any CPU.ActiveCfg = Debug|Any CPU
		{1C7E1FD4-A69A-A064-FC47-497B4BFABD0E}.Debug|Any CPU.Build.0 = Debug|Any CPU
		{1C7E1FD4-A69A-A064-FC47-497B4BFABD0E}.Release|Any CPU.ActiveCfg = Release|Any CPU
		{1C7E1FD4-A69A-A064-FC47-497B4BFABD0E}.Release|Any CPU.Build.0 = Release|Any CPU
		{90B1C200-899A-B921-F0D4-31AB0B7050AF}.Debug|Any CPU.ActiveCfg = Debug|Any CPU
		{90B1C200-899A-B921-F0D4-31AB0B7050AF}.Debug|Any CPU.Build.0 = Debug|Any CPU
		{90B1C200-899A-B921-F0D4-31AB0B7050AF}.Release|Any CPU.ActiveCfg = Release|Any CPU
		{90B1C200-899A-B921-F0D4-31AB0B7050AF}.Release|Any CPU.Build.0 = Release|Any CPU
		{1A0C6AF7-08B4-3747-3E27-09F2BAFDB7F7}.Debug|Any CPU.ActiveCfg = Debug|Any CPU
		{1A0C6AF7-08B4-3747-3E27-09F2BAFDB7F7}.Debug|Any CPU.Build.0 = Debug|Any CPU
		{1A0C6AF7-08B4-3747-3E27-09F2BAFDB7F7}.Release|Any CPU.ActiveCfg = Release|Any CPU
		{1A0C6AF7-08B4-3747-3E27-09F2BAFDB7F7}.Release|Any CPU.Build.0 = Release|Any CPU
		{11946ED3-0226-A403-7A10-45379B1276A8}.Debug|Any CPU.ActiveCfg = Debug|Any CPU
		{11946ED3-0226-A403-7A10-45379B1276A8}.Debug|Any CPU.Build.0 = Debug|Any CPU
		{11946ED3-0226-A403-7A10-45379B1276A8}.Release|Any CPU.ActiveCfg = Release|Any CPU
		{11946ED3-0226-A403-7A10-45379B1276A8}.Release|Any CPU.Build.0 = Release|Any CPU
		{32C45DCD-23E6-9659-4F09-53A7CE9DBB20}.Debug|Any CPU.ActiveCfg = Debug|Any CPU
		{32C45DCD-23E6-9659-4F09-53A7CE9DBB20}.Debug|Any CPU.Build.0 = Debug|Any CPU
		{32C45DCD-23E6-9659-4F09-53A7CE9DBB20}.Release|Any CPU.ActiveCfg = Release|Any CPU
		{32C45DCD-23E6-9659-4F09-53A7CE9DBB20}.Release|Any CPU.Build.0 = Release|Any CPU
		{D052B1D8-8946-EC6D-B01A-2913072D3FF5}.Debug|Any CPU.ActiveCfg = Debug|Any CPU
		{D052B1D8-8946-EC6D-B01A-2913072D3FF5}.Debug|Any CPU.Build.0 = Debug|Any CPU
		{D052B1D8-8946-EC6D-B01A-2913072D3FF5}.Release|Any CPU.ActiveCfg = Release|Any CPU
		{D052B1D8-8946-EC6D-B01A-2913072D3FF5}.Release|Any CPU.Build.0 = Release|Any CPU
		{F6654DE7-11FA-9FDC-7CB3-510F3F40B724}.Debug|Any CPU.ActiveCfg = Debug|Any CPU
		{F6654DE7-11FA-9FDC-7CB3-510F3F40B724}.Debug|Any CPU.Build.0 = Debug|Any CPU
		{F6654DE7-11FA-9FDC-7CB3-510F3F40B724}.Release|Any CPU.ActiveCfg = Release|Any CPU
		{F6654DE7-11FA-9FDC-7CB3-510F3F40B724}.Release|Any CPU.Build.0 = Release|Any CPU
		{9C9E112B-13C9-7AA9-A085-B9D2DA50B67A}.Debug|Any CPU.ActiveCfg = Debug|Any CPU
		{9C9E112B-13C9-7AA9-A085-B9D2DA50B67A}.Debug|Any CPU.Build.0 = Debug|Any CPU
		{9C9E112B-13C9-7AA9-A085-B9D2DA50B67A}.Release|Any CPU.ActiveCfg = Release|Any CPU
		{9C9E112B-13C9-7AA9-A085-B9D2DA50B67A}.Release|Any CPU.Build.0 = Release|Any CPU
		{79856FFE-9890-61BF-0808-DCDCD9C20192}.Debug|Any CPU.ActiveCfg = Debug|Any CPU
		{79856FFE-9890-61BF-0808-DCDCD9C20192}.Debug|Any CPU.Build.0 = Debug|Any CPU
		{79856FFE-9890-61BF-0808-DCDCD9C20192}.Release|Any CPU.ActiveCfg = Release|Any CPU
		{79856FFE-9890-61BF-0808-DCDCD9C20192}.Release|Any CPU.Build.0 = Release|Any CPU
		{2271EB95-D5EE-862C-BF2B-297F041811EA}.Debug|Any CPU.ActiveCfg = Debug|Any CPU
		{2271EB95-D5EE-862C-BF2B-297F041811EA}.Debug|Any CPU.Build.0 = Debug|Any CPU
		{2271EB95-D5EE-862C-BF2B-297F041811EA}.Release|Any CPU.ActiveCfg = Release|Any CPU
		{2271EB95-D5EE-862C-BF2B-297F041811EA}.Release|Any CPU.Build.0 = Release|Any CPU
		{5C4A4B2A-0683-2850-594F-8AB2D3DC367F}.Debug|Any CPU.ActiveCfg = Debug|Any CPU
		{5C4A4B2A-0683-2850-594F-8AB2D3DC367F}.Debug|Any CPU.Build.0 = Debug|Any CPU
		{5C4A4B2A-0683-2850-594F-8AB2D3DC367F}.Release|Any CPU.ActiveCfg = Release|Any CPU
		{5C4A4B2A-0683-2850-594F-8AB2D3DC367F}.Release|Any CPU.Build.0 = Release|Any CPU
		{6A3F475C-2B83-BCE4-1802-578BCBD41F23}.Debug|Any CPU.ActiveCfg = Debug|Any CPU
		{6A3F475C-2B83-BCE4-1802-578BCBD41F23}.Debug|Any CPU.Build.0 = Debug|Any CPU
		{6A3F475C-2B83-BCE4-1802-578BCBD41F23}.Release|Any CPU.ActiveCfg = Release|Any CPU
		{6A3F475C-2B83-BCE4-1802-578BCBD41F23}.Release|Any CPU.Build.0 = Release|Any CPU
		{47AC8856-A19E-087C-4448-61CB5763C0C1}.Debug|Any CPU.ActiveCfg = Debug|Any CPU
		{47AC8856-A19E-087C-4448-61CB5763C0C1}.Debug|Any CPU.Build.0 = Debug|Any CPU
		{47AC8856-A19E-087C-4448-61CB5763C0C1}.Release|Any CPU.ActiveCfg = Release|Any CPU
		{47AC8856-A19E-087C-4448-61CB5763C0C1}.Release|Any CPU.Build.0 = Release|Any CPU
		{81AD36E0-34C5-285D-9F81-6F9031675871}.Debug|Any CPU.ActiveCfg = Debug|Any CPU
		{81AD36E0-34C5-285D-9F81-6F9031675871}.Debug|Any CPU.Build.0 = Debug|Any CPU
		{81AD36E0-34C5-285D-9F81-6F9031675871}.Release|Any CPU.ActiveCfg = Release|Any CPU
		{81AD36E0-34C5-285D-9F81-6F9031675871}.Release|Any CPU.Build.0 = Release|Any CPU
		{991E0DC8-D826-0AAD-5005-7B3098C40D2B}.Debug|Any CPU.ActiveCfg = Debug|Any CPU
		{991E0DC8-D826-0AAD-5005-7B3098C40D2B}.Debug|Any CPU.Build.0 = Debug|Any CPU
		{991E0DC8-D826-0AAD-5005-7B3098C40D2B}.Release|Any CPU.ActiveCfg = Release|Any CPU
		{991E0DC8-D826-0AAD-5005-7B3098C40D2B}.Release|Any CPU.Build.0 = Release|Any CPU
		{BBDFC6C0-3323-D009-2C59-B685BE7F6501}.Debug|Any CPU.ActiveCfg = Debug|Any CPU
		{BBDFC6C0-3323-D009-2C59-B685BE7F6501}.Debug|Any CPU.Build.0 = Debug|Any CPU
		{BBDFC6C0-3323-D009-2C59-B685BE7F6501}.Release|Any CPU.ActiveCfg = Release|Any CPU
		{BBDFC6C0-3323-D009-2C59-B685BE7F6501}.Release|Any CPU.Build.0 = Release|Any CPU
		{7D97E193-D7E6-90BF-F3F9-A9407FAF1AEC}.Debug|Any CPU.ActiveCfg = Debug|Any CPU
		{7D97E193-D7E6-90BF-F3F9-A9407FAF1AEC}.Debug|Any CPU.Build.0 = Debug|Any CPU
		{7D97E193-D7E6-90BF-F3F9-A9407FAF1AEC}.Release|Any CPU.ActiveCfg = Release|Any CPU
		{7D97E193-D7E6-90BF-F3F9-A9407FAF1AEC}.Release|Any CPU.Build.0 = Release|Any CPU
		{389F8883-18A0-04CA-3E04-236E1249B881}.Debug|Any CPU.ActiveCfg = Debug|Any CPU
		{389F8883-18A0-04CA-3E04-236E1249B881}.Debug|Any CPU.Build.0 = Debug|Any CPU
		{389F8883-18A0-04CA-3E04-236E1249B881}.Release|Any CPU.ActiveCfg = Release|Any CPU
		{389F8883-18A0-04CA-3E04-236E1249B881}.Release|Any CPU.Build.0 = Release|Any CPU
		{F4370610-3A12-027B-8CFE-8B8B4935F32A}.Debug|Any CPU.ActiveCfg = Debug|Any CPU
		{F4370610-3A12-027B-8CFE-8B8B4935F32A}.Debug|Any CPU.Build.0 = Debug|Any CPU
		{F4370610-3A12-027B-8CFE-8B8B4935F32A}.Release|Any CPU.ActiveCfg = Release|Any CPU
		{F4370610-3A12-027B-8CFE-8B8B4935F32A}.Release|Any CPU.Build.0 = Release|Any CPU
		{323D9120-73B4-0B69-8099-F067DED52643}.Debug|Any CPU.ActiveCfg = Debug|Any CPU
		{323D9120-73B4-0B69-8099-F067DED52643}.Debug|Any CPU.Build.0 = Debug|Any CPU
		{323D9120-73B4-0B69-8099-F067DED52643}.Release|Any CPU.ActiveCfg = Release|Any CPU
		{323D9120-73B4-0B69-8099-F067DED52643}.Release|Any CPU.Build.0 = Release|Any CPU
		{AF672F16-4855-F3D6-E2D3-31D4586F67AF}.Debug|Any CPU.ActiveCfg = Debug|Any CPU
		{AF672F16-4855-F3D6-E2D3-31D4586F67AF}.Debug|Any CPU.Build.0 = Debug|Any CPU
		{AF672F16-4855-F3D6-E2D3-31D4586F67AF}.Release|Any CPU.ActiveCfg = Release|Any CPU
		{AF672F16-4855-F3D6-E2D3-31D4586F67AF}.Release|Any CPU.Build.0 = Release|Any CPU
		{1C00A672-20CF-19B5-6547-1FA09DBCE84D}.Debug|Any CPU.ActiveCfg = Debug|Any CPU
		{1C00A672-20CF-19B5-6547-1FA09DBCE84D}.Debug|Any CPU.Build.0 = Debug|Any CPU
		{1C00A672-20CF-19B5-6547-1FA09DBCE84D}.Release|Any CPU.ActiveCfg = Release|Any CPU
		{1C00A672-20CF-19B5-6547-1FA09DBCE84D}.Release|Any CPU.Build.0 = Release|Any CPU
		{E6693FE4-60FA-2BF9-64EC-EF9163A2E122}.Debug|Any CPU.ActiveCfg = Debug|Any CPU
		{E6693FE4-60FA-2BF9-64EC-EF9163A2E122}.Debug|Any CPU.Build.0 = Debug|Any CPU
		{E6693FE4-60FA-2BF9-64EC-EF9163A2E122}.Release|Any CPU.ActiveCfg = Release|Any CPU
		{E6693FE4-60FA-2BF9-64EC-EF9163A2E122}.Release|Any CPU.Build.0 = Release|Any CPU
	EndGlobalSection
	GlobalSection(SolutionProperties) = preSolution
		HideSolutionNode = FALSE
	EndGlobalSection
EndGlobal
